
Microsoft Visual Studio Solution File, Format Version 12.00
# Visual Studio Version 17
VisualStudioVersion = 17.3.32922.545
MinimumVisualStudioVersion = 10.0.40219.1
Project("{9A19103F-16F7-4668-BE54-9A1E7A4F7556}") = "OnlineMovieTicketBooking", "OnlineMovieTicketBooking.csproj", "{8421F3E2-C042-40A2-9903-CA373B092A58}"
EndProject
Project("{FAE04EC0-301F-11D3-BF4B-00C04F79EFBC}") = "FileUploadControl", "..\FileUploadControl\FileUploadControl.csproj", "{A9A9B6EB-EAF3-40CB-B54B-53E087E36E23}"
EndProject
Global
	GlobalSection(SolutionConfigurationPlatforms) = preSolution
		Debug|Any CPU = Debug|Any CPU
		Release|Any CPU = Release|Any CPU
	EndGlobalSection
	GlobalSection(ProjectConfigurationPlatforms) = postSolution
		{8421F3E2-C042-40A2-9903-CA373B092A58}.Debug|Any CPU.ActiveCfg = Debug|Any CPU
		{8421F3E2-C042-40A2-9903-CA373B092A58}.Debug|Any CPU.Build.0 = Debug|Any CPU
		{8421F3E2-C042-40A2-9903-CA373B092A58}.Release|Any CPU.ActiveCfg = Release|Any CPU
		{8421F3E2-C042-40A2-9903-CA373B092A58}.Release|Any CPU.Build.0 = Release|Any CPU
		{A9A9B6EB-EAF3-40CB-B54B-53E087E36E23}.Debug|Any CPU.ActiveCfg = Debug|Any CPU
		{A9A9B6EB-EAF3-40CB-B54B-53E087E36E23}.Debug|Any CPU.Build.0 = Debug|Any CPU
		{A9A9B6EB-EAF3-40CB-B54B-53E087E36E23}.Release|Any CPU.ActiveCfg = Release|Any CPU
		{A9A9B6EB-EAF3-40CB-B54B-53E087E36E23}.Release|Any CPU.Build.0 = Release|Any CPU
	EndGlobalSection
	GlobalSection(SolutionProperties) = preSolution
		HideSolutionNode = FALSE
	EndGlobalSection
	GlobalSection(ExtensibilityGlobals) = postSolution
		SolutionGuid = {65302BD3-1131-4E0B-9148-B756A1B4B673}
	EndGlobalSection
EndGlobal
